// !$*UTF8*$!
{
	archiveVersion = 1;
	classes = {
	};
	objectVersion = 50;
	objects = {

/* Begin PBXBuildFile section */
		4D77D0BD2231BB39008D584B /* AppDelegate.swift in Sources */ = {isa = PBXBuildFile; fileRef = 4D77D0BC2231BB39008D584B /* AppDelegate.swift */; };
		4D77D0BF2231BB39008D584B /* ViewController.swift in Sources */ = {isa = PBXBuildFile; fileRef = 4D77D0BE2231BB39008D584B /* ViewController.swift */; };
		4D77D0C22231BB3A008D584B /* Main.storyboard in Resources */ = {isa = PBXBuildFile; fileRef = 4D77D0C02231BB3A008D584B /* Main.storyboard */; };
		4D77D0C42231BB3D008D584B /* Assets.xcassets in Resources */ = {isa = PBXBuildFile; fileRef = 4D77D0C32231BB3D008D584B /* Assets.xcassets */; };
		4D77D0C72231BB3D008D584B /* LaunchScreen.storyboard in Resources */ = {isa = PBXBuildFile; fileRef = 4D77D0C52231BB3D008D584B /* LaunchScreen.storyboard */; };
		4D77D0CF2231C595008D584B /* GoogleService-Info.plist in Resources */ = {isa = PBXBuildFile; fileRef = 4D77D0CE2231C595008D584B /* GoogleService-Info.plist */; };
		85C7F0C343C1BADC0316AD7B /* Pods_NSMonitor.framework in Frameworks */ = {isa = PBXBuildFile; fileRef = 5BC789CA9C4FF573A638DF1E /* Pods_NSMonitor.framework */; };
/* End PBXBuildFile section */

/* Begin PBXFileReference section */
		4D77D0B92231BB39008D584B /* NSMonitor.app */ = {isa = PBXFileReference; explicitFileType = wrapper.application; includeInIndex = 0; path = NSMonitor.app; sourceTree = BUILT_PRODUCTS_DIR; };
		4D77D0BC2231BB39008D584B /* AppDelegate.swift */ = {isa = PBXFileReference; lastKnownFileType = sourcecode.swift; path = AppDelegate.swift; sourceTree = "<group>"; };
		4D77D0BE2231BB39008D584B /* ViewController.swift */ = {isa = PBXFileReference; lastKnownFileType = sourcecode.swift; path = ViewController.swift; sourceTree = "<group>"; };
		4D77D0C12231BB3A008D584B /* Base */ = {isa = PBXFileReference; lastKnownFileType = file.storyboard; name = Base; path = Base.lproj/Main.storyboard; sourceTree = "<group>"; };
		4D77D0C32231BB3D008D584B /* Assets.xcassets */ = {isa = PBXFileReference; lastKnownFileType = folder.assetcatalog; path = Assets.xcassets; sourceTree = "<group>"; };
		4D77D0C62231BB3D008D584B /* Base */ = {isa = PBXFileReference; lastKnownFileType = file.storyboard; name = Base; path = Base.lproj/LaunchScreen.storyboard; sourceTree = "<group>"; };
		4D77D0C82231BB3D008D584B /* Info.plist */ = {isa = PBXFileReference; lastKnownFileType = text.plist.xml; path = Info.plist; sourceTree = "<group>"; };
		4D77D0CE2231C595008D584B /* GoogleService-Info.plist */ = {isa = PBXFileReference; fileEncoding = 4; lastKnownFileType = text.plist.xml; path = "GoogleService-Info.plist"; sourceTree = "<group>"; };
		5BC789CA9C4FF573A638DF1E /* Pods_NSMonitor.framework */ = {isa = PBXFileReference; explicitFileType = wrapper.framework; includeInIndex = 0; path = Pods_NSMonitor.framework; sourceTree = BUILT_PRODUCTS_DIR; };
		DF9ED5C6B4E3E20EA6B05B1B /* Pods-NSMonitor.release.xcconfig */ = {isa = PBXFileReference; includeInIndex = 1; lastKnownFileType = text.xcconfig; name = "Pods-NSMonitor.release.xcconfig"; path = "Pods/Target Support Files/Pods-NSMonitor/Pods-NSMonitor.release.xcconfig"; sourceTree = "<group>"; };
		F5371E49BDC3E7EACD850053 /* Pods-NSMonitor.debug.xcconfig */ = {isa = PBXFileReference; includeInIndex = 1; lastKnownFileType = text.xcconfig; name = "Pods-NSMonitor.debug.xcconfig"; path = "Pods/Target Support Files/Pods-NSMonitor/Pods-NSMonitor.debug.xcconfig"; sourceTree = "<group>"; };
/* End PBXFileReference section */

/* Begin PBXFrameworksBuildPhase section */
		4D77D0B62231BB39008D584B /* Frameworks */ = {
			isa = PBXFrameworksBuildPhase;
			buildActionMask = 2147483647;
			files = (
				85C7F0C343C1BADC0316AD7B /* Pods_NSMonitor.framework in Frameworks */,
			);
			runOnlyForDeploymentPostprocessing = 0;
		};
/* End PBXFrameworksBuildPhase section */

/* Begin PBXGroup section */
		2EE98B20961430BF6599FCAD /* Pods */ = {
			isa = PBXGroup;
			children = (
				F5371E49BDC3E7EACD850053 /* Pods-NSMonitor.debug.xcconfig */,
				DF9ED5C6B4E3E20EA6B05B1B /* Pods-NSMonitor.release.xcconfig */,
			);
			name = Pods;
			sourceTree = "<group>";
		};
		4D77D0B02231BB39008D584B = {
			isa = PBXGroup;
			children = (
				4D77D0BB2231BB39008D584B /* NSMonitor */,
				4D77D0BA2231BB39008D584B /* Products */,
				2EE98B20961430BF6599FCAD /* Pods */,
				72E6A87149411B509BD608DE /* Frameworks */,
			);
			sourceTree = "<group>";
		};
		4D77D0BA2231BB39008D584B /* Products */ = {
			isa = PBXGroup;
			children = (
				4D77D0B92231BB39008D584B /* NSMonitor.app */,
			);
			name = Products;
			sourceTree = "<group>";
		};
		4D77D0BB2231BB39008D584B /* NSMonitor */ = {
			isa = PBXGroup;
			children = (
				4D77D0CE2231C595008D584B /* GoogleService-Info.plist */,
				4D77D0BC2231BB39008D584B /* AppDelegate.swift */,
				4D77D0BE2231BB39008D584B /* ViewController.swift */,
				4D77D0C02231BB3A008D584B /* Main.storyboard */,
				4D77D0C32231BB3D008D584B /* Assets.xcassets */,
				4D77D0C52231BB3D008D584B /* LaunchScreen.storyboard */,
				4D77D0C82231BB3D008D584B /* Info.plist */,
			);
			path = NSMonitor;
			sourceTree = "<group>";
		};
		72E6A87149411B509BD608DE /* Frameworks */ = {
			isa = PBXGroup;
			children = (
				5BC789CA9C4FF573A638DF1E /* Pods_NSMonitor.framework */,
			);
			name = Frameworks;
			sourceTree = "<group>";
		};
/* End PBXGroup section */

/* Begin PBXNativeTarget section */
		4D77D0B82231BB39008D584B /* NSMonitor */ = {
			isa = PBXNativeTarget;
			buildConfigurationList = 4D77D0CB2231BB3D008D584B /* Build configuration list for PBXNativeTarget "NSMonitor" */;
			buildPhases = (
				96B4939B7D9F6F5DB97A673F /* [CP] Check Pods Manifest.lock */,
				4D77D0B52231BB39008D584B /* Sources */,
				4D77D0B62231BB39008D584B /* Frameworks */,
				4D77D0B72231BB39008D584B /* Resources */,
				EA7021CB0168E218CAF9E7FE /* [CP] Embed Pods Frameworks */,
			);
			buildRules = (
			);
			dependencies = (
			);
			name = NSMonitor;
			productName = NSMonitor;
			productReference = 4D77D0B92231BB39008D584B /* NSMonitor.app */;
			productType = "com.apple.product-type.application";
		};
/* End PBXNativeTarget section */

/* Begin PBXProject section */
		4D77D0B12231BB39008D584B /* Project object */ = {
			isa = PBXProject;
			attributes = {
				LastSwiftUpdateCheck = 1010;
				LastUpgradeCheck = 1010;
				ORGANIZATIONNAME = "Kyle Hernandez";
				TargetAttributes = {
					4D77D0B82231BB39008D584B = {
						CreatedOnToolsVersion = 10.1;
					};
				};
			};
			buildConfigurationList = 4D77D0B42231BB39008D584B /* Build configuration list for PBXProject "NSMonitor" */;
			compatibilityVersion = "Xcode 9.3";
			developmentRegion = en;
			hasScannedForEncodings = 0;
			knownRegions = (
				en,
				Base,
			);
			mainGroup = 4D77D0B02231BB39008D584B;
			productRefGroup = 4D77D0BA2231BB39008D584B /* Products */;
			projectDirPath = "";
			projectRoot = "";
			targets = (
				4D77D0B82231BB39008D584B /* NSMonitor */,
			);
		};
/* End PBXProject section */

/* Begin PBXResourcesBuildPhase section */
		4D77D0B72231BB39008D584B /* Resources */ = {
			isa = PBXResourcesBuildPhase;
			buildActionMask = 2147483647;
			files = (
				4D77D0C72231BB3D008D584B /* LaunchScreen.storyboard in Resources */,
				4D77D0CF2231C595008D584B /* GoogleService-Info.plist in Resources */,
				4D77D0C42231BB3D008D584B /* Assets.xcassets in Resources */,
				4D77D0C22231BB3A008D584B /* Main.storyboard in Resources */,
			);
			runOnlyForDeploymentPostprocessing = 0;
		};
/* End PBXResourcesBuildPhase section */

/* Begin PBXShellScriptBuildPhase section */
		96B4939B7D9F6F5DB97A673F /* [CP] Check Pods Manifest.lock */ = {
			isa = PBXShellScriptBuildPhase;
			buildActionMask = 2147483647;
			files = (
			);
			inputFileListPaths = (
			);
			inputPaths = (
				"${PODS_PODFILE_DIR_PATH}/Podfile.lock",
				"${PODS_ROOT}/Manifest.lock",
			);
			name = "[CP] Check Pods Manifest.lock";
			outputFileListPaths = (
			);
			outputPaths = (
				"$(DERIVED_FILE_DIR)/Pods-NSMonitor-checkManifestLockResult.txt",
			);
			runOnlyForDeploymentPostprocessing = 0;
			shellPath = /bin/sh;
			shellScript = "diff \"${PODS_PODFILE_DIR_PATH}/Podfile.lock\" \"${PODS_ROOT}/Manifest.lock\" > /dev/null\nif [ $? != 0 ] ; then\n    # print error to STDERR\n    echo \"error: The sandbox is not in sync with the Podfile.lock. Run 'pod install' or update your CocoaPods installation.\" >&2\n    exit 1\nfi\n# This output is used by Xcode 'outputs' to avoid re-running this script phase.\necho \"SUCCESS\" > \"${SCRIPT_OUTPUT_FILE_0}\"\n";
			showEnvVarsInLog = 0;
		};
		EA7021CB0168E218CAF9E7FE /* [CP] Embed Pods Frameworks */ = {
			isa = PBXShellScriptBuildPhase;
			buildActionMask = 2147483647;
			files = (
			);
			inputFileListPaths = (
			);
			inputPaths = (
				"${SRCROOT}/Pods/Target Support Files/Pods-NSMonitor/Pods-NSMonitor-frameworks.sh",
				"${BUILT_PRODUCTS_DIR}/GTMSessionFetcher/GTMSessionFetcher.framework",
				"${BUILT_PRODUCTS_DIR}/GoogleUtilities/GoogleUtilities.framework",
				"${BUILT_PRODUCTS_DIR}/leveldb-library/leveldb.framework",
				"${BUILT_PRODUCTS_DIR}/nanopb/nanopb.framework",
			);
			name = "[CP] Embed Pods Frameworks";
			outputFileListPaths = (
			);
			outputPaths = (
				"${TARGET_BUILD_DIR}/${FRAMEWORKS_FOLDER_PATH}/GTMSessionFetcher.framework",
				"${TARGET_BUILD_DIR}/${FRAMEWORKS_FOLDER_PATH}/GoogleUtilities.framework",
				"${TARGET_BUILD_DIR}/${FRAMEWORKS_FOLDER_PATH}/leveldb.framework",
				"${TARGET_BUILD_DIR}/${FRAMEWORKS_FOLDER_PATH}/nanopb.framework",
			);
			runOnlyForDeploymentPostprocessing = 0;
			shellPath = /bin/sh;
			shellScript = "\"${SRCROOT}/Pods/Target Support Files/Pods-NSMonitor/Pods-NSMonitor-frameworks.sh\"\n";
			showEnvVarsInLog = 0;
		};
/* End PBXShellScriptBuildPhase section */

/* Begin PBXSourcesBuildPhase section */
		4D77D0B52231BB39008D584B /* Sources */ = {
			isa = PBXSourcesBuildPhase;
			buildActionMask = 2147483647;
			files = (
				4D77D0BF2231BB39008D584B /* ViewController.swift in Sources */,
				4D77D0BD2231BB39008D584B /* AppDelegate.swift in Sources */,
			);
			runOnlyForDeploymentPostprocessing = 0;
		};
/* End PBXSourcesBuildPhase section */

/* Begin PBXVariantGroup section */
		4D77D0C02231BB3A008D584B /* Main.storyboard */ = {
			isa = PBXVariantGroup;
			children = (
				4D77D0C12231BB3A008D584B /* Base */,
			);
			name = Main.storyboard;
			sourceTree = "<group>";
		};
		4D77D0C52231BB3D008D584B /* LaunchScreen.storyboard */ = {
			isa = PBXVariantGroup;
			children = (
				4D77D0C62231BB3D008D584B /* Base */,
			);
			name = LaunchScreen.storyboard;
			sourceTree = "<group>";
		};
/* End PBXVariantGroup section */

/* Begin XCBuildConfiguration section */
		4D77D0C92231BB3D008D584B /* Debug */ = {
			isa = XCBuildConfiguration;
			buildSettings = {
				ALWAYS_SEARCH_USER_PATHS = NO;
				CLANG_ANALYZER_NONNULL = YES;
				CLANG_ANALYZER_NUMBER_OBJECT_CONVERSION = YES_AGGRESSIVE;
				CLANG_CXX_LANGUAGE_STANDARD = "gnu++14";
				CLANG_CXX_LIBRARY = "libc++";
				CLANG_ENABLE_MODULES = YES;
				CLANG_ENABLE_OBJC_ARC = YES;
				CLANG_ENABLE_OBJC_WEAK = YES;
				CLANG_WARN_BLOCK_CAPTURE_AUTORELEASING = YES;
				CLANG_WARN_BOOL_CONVERSION = YES;
				CLANG_WARN_COMMA = YES;
				CLANG_WARN_CONSTANT_CONVERSION = YES;
				CLANG_WARN_DEPRECATED_OBJC_IMPLEMENTATIONS = YES;
				CLANG_WARN_DIRECT_OBJC_ISA_USAGE = YES_ERROR;
				CLANG_WARN_DOCUMENTATION_COMMENTS = YES;
				CLANG_WARN_EMPTY_BODY = YES;
				CLANG_WARN_ENUM_CONVERSION = YES;
				CLANG_WARN_INFINITE_RECURSION = YES;
				CLANG_WARN_INT_CONVERSION = YES;
				CLANG_WARN_NON_LITERAL_NULL_CONVERSION = YES;
				CLANG_WARN_OBJC_IMPLICIT_RETAIN_SELF = YES;
				CLANG_WARN_OBJC_LITERAL_CONVERSION = YES;
				CLANG_WARN_OBJC_ROOT_CLASS = YES_ERROR;
				CLANG_WARN_RANGE_LOOP_ANALYSIS = YES;
				CLANG_WARN_STRICT_PROTOTYPES = YES;
				CLANG_WARN_SUSPICIOUS_MOVE = YES;
				CLANG_WARN_UNGUARDED_AVAILABILITY = YES_AGGRESSIVE;
				CLANG_WARN_UNREACHABLE_CODE = YES;
				CLANG_WARN__DUPLICATE_METHOD_MATCH = YES;
				CODE_SIGN_IDENTITY = "iPhone Developer";
				COPY_PHASE_STRIP = NO;
				DEBUG_INFORMATION_FORMAT = dwarf;
				ENABLE_STRICT_OBJC_MSGSEND = YES;
				ENABLE_TESTABILITY = YES;
				GCC_C_LANGUAGE_STANDARD = gnu11;
				GCC_DYNAMIC_NO_PIC = NO;
				GCC_NO_COMMON_BLOCKS = YES;
				GCC_OPTIMIZATION_LEVEL = 0;
				GCC_PREPROCESSOR_DEFINITIONS = (
					"DEBUG=1",
					"$(inherited)",
				);
				GCC_WARN_64_TO_32_BIT_CONVERSION = YES;
				GCC_WARN_ABOUT_RETURN_TYPE = YES_ERROR;
				GCC_WARN_UNDECLARED_SELECTOR = YES;
				GCC_WARN_UNINITIALIZED_AUTOS = YES_AGGRESSIVE;
				GCC_WARN_UNUSED_FUNCTION = YES;
				GCC_WARN_UNUSED_VARIABLE = YES;
				IPHONEOS_DEPLOYMENT_TARGET = 12.1;
				MTL_ENABLE_DEBUG_INFO = INCLUDE_SOURCE;
				MTL_FAST_MATH = YES;
				ONLY_ACTIVE_ARCH = YES;
				SDKROOT = iphoneos;
				SWIFT_ACTIVE_COMPILATION_CONDITIONS = DEBUG;
				SWIFT_OPTIMIZATION_LEVEL = "-Onone";
			};
			name = Debug;
		};
		4D77D0CA2231BB3D008D584B /* Release */ = {
			isa = XCBuildConfiguration;
			buildSettings = {
				ALWAYS_SEARCH_USER_PATHS = NO;
				CLANG_ANALYZER_NONNULL = YES;
				CLANG_ANALYZER_NUMBER_OBJECT_CONVERSION = YES_AGGRESSIVE;
				CLANG_CXX_LANGUAGE_STANDARD = "gnu++14";
				CLANG_CXX_LIBRARY = "libc++";
				CLANG_ENABLE_MODULES = YES;
				CLANG_ENABLE_OBJC_ARC = YES;
				CLANG_ENABLE_OBJC_WEAK = YES;
				CLANG_WARN_BLOCK_CAPTURE_AUTORELEASING = YES;
				CLANG_WARN_BOOL_CONVERSION = YES;
				CLANG_WARN_COMMA = YES;
				CLANG_WARN_CONSTANT_CONVERSION = YES;
				CLANG_WARN_DEPRECATED_OBJC_IMPLEMENTATIONS = YES;
				CLANG_WARN_DIRECT_OBJC_ISA_USAGE = YES_ERROR;
				CLANG_WARN_DOCUMENTATION_COMMENTS = YES;
				CLANG_WARN_EMPTY_BODY = YES;
				CLANG_WARN_ENUM_CONVERSION = YES;
				CLANG_WARN_INFINITE_RECURSION = YES;
				CLANG_WARN_INT_CONVERSION = YES;
				CLANG_WARN_NON_LITERAL_NULL_CONVERSION = YES;
				CLANG_WARN_OBJC_IMPLICIT_RETAIN_SELF = YES;
				CLANG_WARN_OBJC_LITERAL_CONVERSION = YES;
				CLANG_WARN_OBJC_ROOT_CLASS = YES_ERROR;
				CLANG_WARN_RANGE_LOOP_ANALYSIS = YES;
				CLANG_WARN_STRICT_PROTOTYPES = YES;
				CLANG_WARN_SUSPICIOUS_MOVE = YES;
				CLANG_WARN_UNGUARDED_AVAILABILITY = YES_AGGRESSIVE;
				CLANG_WARN_UNREACHABLE_CODE = YES;
				CLANG_WARN__DUPLICATE_METHOD_MATCH = YES;
				CODE_SIGN_IDENTITY = "iPhone Developer";
				COPY_PHASE_STRIP = NO;
				DEBUG_INFORMATION_FORMAT = "dwarf-with-dsym";
				ENABLE_NS_ASSERTIONS = NO;
				ENABLE_STRICT_OBJC_MSGSEND = YES;
				GCC_C_LANGUAGE_STANDARD = gnu11;
				GCC_NO_COMMON_BLOCKS = YES;
				GCC_WARN_64_TO_32_BIT_CONVERSION = YES;
				GCC_WARN_ABOUT_RETURN_TYPE = YES_ERROR;
				GCC_WARN_UNDECLARED_SELECTOR = YES;
				GCC_WARN_UNINITIALIZED_AUTOS = YES_AGGRESSIVE;
				GCC_WARN_UNUSED_FUNCTION = YES;
				GCC_WARN_UNUSED_VARIABLE = YES;
				IPHONEOS_DEPLOYMENT_TARGET = 12.1;
				MTL_ENABLE_DEBUG_INFO = NO;
				MTL_FAST_MATH = YES;
				SDKROOT = iphoneos;
				SWIFT_COMPILATION_MODE = wholemodule;
				SWIFT_OPTIMIZATION_LEVEL = "-O";
				VALIDATE_PRODUCT = YES;
			};
			name = Release;
		};
		4D77D0CC2231BB3D008D584B /* Debug */ = {
			isa = XCBuildConfiguration;
			baseConfigurationReference = F5371E49BDC3E7EACD850053 /* Pods-NSMonitor.debug.xcconfig */;
			buildSettings = {
				ASSETCATALOG_COMPILER_APPICON_NAME = AppIcon;
				CODE_SIGN_STYLE = Automatic;
				DEVELOPMENT_TEAM = W486C2LXU7;
				INFOPLIST_FILE = NSMonitor/Info.plist;
				LD_RUNPATH_SEARCH_PATHS = (
					"$(inherited)",
					"@executable_path/Frameworks",
				);
				PRODUCT_BUNDLE_IDENTIFIER = com.kylesapps.NSMonitor;
				PRODUCT_NAME = "$(TARGET_NAME)";
				SWIFT_VERSION = 4.2;
				TARGETED_DEVICE_FAMILY = "1,2";
			};
			name = Debug;
		};
		4D77D0CD2231BB3D008D584B /* Release */ = {
			isa = XCBuildConfiguration;
			baseConfigurationReference = DF9ED5C6B4E3E20EA6B05B1B /* Pods-NSMonitor.release.xcconfig */;
			buildSettings = {
				ASSETCATALOG_COMPILER_APPICON_NAME = AppIcon;
				CODE_SIGN_STYLE = Automatic;
				DEVELOPMENT_TEAM = W486C2LXU7;
				INFOPLIST_FILE = NSMonitor/Info.plist;
				LD_RUNPATH_SEARCH_PATHS = (
					"$(inherited)",
					"@executable_path/Frameworks",
				);
				PRODUCT_BUNDLE_IDENTIFIER = com.kylesapps.NSMonitor;
				PRODUCT_NAME = "$(TARGET_NAME)";
				SWIFT_VERSION = 4.2;
				TARGETED_DEVICE_FAMILY = "1,2";
			};
			name = Release;
		};
/* End XCBuildConfiguration section */

/* Begin XCConfigurationList section */
		4D77D0B42231BB39008D584B /* Build configuration list for PBXProject "NSMonitor" */ = {
			isa = XCConfigurationList;
			buildConfigurations = (
				4D77D0C92231BB3D008D584B /* Debug */,
				4D77D0CA2231BB3D008D584B /* Release */,
			);
			defaultConfigurationIsVisible = 0;
			defaultConfigurationName = Release;
		};
		4D77D0CB2231BB3D008D584B /* Build configuration list for PBXNativeTarget "NSMonitor" */ = {
			isa = XCConfigurationList;
			buildConfigurations = (
				4D77D0CC2231BB3D008D584B /* Debug */,
				4D77D0CD2231BB3D008D584B /* Release */,
			);
			defaultConfigurationIsVisible = 0;
			defaultConfigurationName = Release;
		};
/* End XCConfigurationList section */
	};
	rootObject = 4D77D0B12231BB39008D584B /* Project object */;
}
